
Microsoft Visual Studio Solution File, Format Version 12.00
# Visual Studio Version 17
VisualStudioVersion = 17.4.33110.190
MinimumVisualStudioVersion = 10.0.40219.1
Project("{8BC9CEB8-8B4A-11D0-8D11-00A0C91BC942}") = "map", "map_test\map_test.vcxproj", "{8F883336-C5ED-40CF-B3ED-6F52AFB8BAA2}"
EndProject
Global
	GlobalSection(SolutionConfigurationPlatforms) = preSolution
		Debug|x64 = Debug|x64
		Debug|x86 = Debug|x86
		Release|x64 = Release|x64
		Release|x86 = Release|x86
	EndGlobalSection
	GlobalSection(ProjectConfigurationPlatforms) = postSolution
		{8F883336-C5ED-40CF-B3ED-6F52AFB8BAA2}.Debug|x64.ActiveCfg = Debug|x64
		{8F883336-C5ED-40CF-B3ED-6F52AFB8BAA2}.Debug|x64.Build.0 = Debug|x64
		{8F883336-C5ED-40CF-B3ED-6F52AFB8BAA2}.Debug|x86.ActiveCfg = Debug|Win32
		{8F883336-C5ED-40CF-B3ED-6F52AFB8BAA2}.Debug|x86.Build.0 = Debug|Win32
		{8F883336-C5ED-40CF-B3ED-6F52AFB8BAA2}.Release|x64.ActiveCfg = Release|x64
		{8F883336-C5ED-40CF-B3ED-6F52AFB8BAA2}.Release|x64.Build.0 = Release|x64
		{8F883336-C5ED-40CF-B3ED-6F52AFB8BAA2}.Release|x86.ActiveCfg = Release|Win32
		{8F883336-C5ED-40CF-B3ED-6F52AFB8BAA2}.Release|x86.Build.0 = Release|Win32
	EndGlobalSection
	GlobalSection(SolutionProperties) = preSolution
		HideSolutionNode = FALSE
	EndGlobalSection
	GlobalSection(ExtensibilityGlobals) = postSolution
		SolutionGuid = {004147AF-1A24-4EE0-B4E0-4612C4C215D3}
	EndGlobalSection
EndGlobal
